// !$*UTF8*$!
{
	archiveVersion = 1;
	classes = {
	};
	objectVersion = 56;
	objects = {

/* Begin PBXBuildFile section */
		EB549DA82B9C3E9900BFE788 /* TimerAppApp.swift in Sources */ = {isa = PBXBuildFile; fileRef = EB549DA72B9C3E9900BFE788 /* TimerAppApp.swift */; };
		EB549DAC2B9C3E9B00BFE788 /* Assets.xcassets in Resources */ = {isa = PBXBuildFile; fileRef = EB549DAB2B9C3E9B00BFE788 /* Assets.xcassets */; };
		EB549DAF2B9C3E9B00BFE788 /* Preview Assets.xcassets in Resources */ = {isa = PBXBuildFile; fileRef = EB549DAE2B9C3E9B00BFE788 /* Preview Assets.xcassets */; };
		EB549DB92B9C3E9B00BFE788 /* TimerAppTests.swift in Sources */ = {isa = PBXBuildFile; fileRef = EB549DB82B9C3E9B00BFE788 /* TimerAppTests.swift */; };
		EB549DC32B9C3E9B00BFE788 /* TimerAppUITests.swift in Sources */ = {isa = PBXBuildFile; fileRef = EB549DC22B9C3E9B00BFE788 /* TimerAppUITests.swift */; };
		EB549DC52B9C3E9B00BFE788 /* TimerAppUITestsLaunchTests.swift in Sources */ = {isa = PBXBuildFile; fileRef = EB549DC42B9C3E9B00BFE788 /* TimerAppUITestsLaunchTests.swift */; };
		EB549DD52B9C494B00BFE788 /* DashBoardView.swift in Sources */ = {isa = PBXBuildFile; fileRef = EB549DD42B9C494B00BFE788 /* DashBoardView.swift */; };
		EB549DD72B9C4A0500BFE788 /* TimerView.swift in Sources */ = {isa = PBXBuildFile; fileRef = EB549DD62B9C4A0500BFE788 /* TimerView.swift */; };
		EB549DD92B9C62DA00BFE788 /* DashBoardViewModel.swift in Sources */ = {isa = PBXBuildFile; fileRef = EB549DD82B9C62DA00BFE788 /* DashBoardViewModel.swift */; };
		EB549DDB2B9C6D3700BFE788 /* TimerViewModel.swift in Sources */ = {isa = PBXBuildFile; fileRef = EB549DDA2B9C6D3700BFE788 /* TimerViewModel.swift */; };
		EB549DE02B9C898900BFE788 /* TimerTextModifier.swift in Sources */ = {isa = PBXBuildFile; fileRef = EB549DDF2B9C898900BFE788 /* TimerTextModifier.swift */; };
		EB549DE32B9C89E800BFE788 /* AnimationType.swift in Sources */ = {isa = PBXBuildFile; fileRef = EB549DE22B9C89E800BFE788 /* AnimationType.swift */; };
		EB549DE52B9C8A3900BFE788 /* NumberView.swift in Sources */ = {isa = PBXBuildFile; fileRef = EB549DE42B9C8A3900BFE788 /* NumberView.swift */; };
		EB549DE72B9CA1CA00BFE788 /* CustomView.swift in Sources */ = {isa = PBXBuildFile; fileRef = EB549DE62B9CA1CA00BFE788 /* CustomView.swift */; };
		EB549DEC2B9CA77800BFE788 /* DashBoardTimerView.swift in Sources */ = {isa = PBXBuildFile; fileRef = EB549DEB2B9CA77800BFE788 /* DashBoardTimerView.swift */; };
		EB549DEE2B9CA7BB00BFE788 /* IntroText.swift in Sources */ = {isa = PBXBuildFile; fileRef = EB549DED2B9CA7BB00BFE788 /* IntroText.swift */; };
		EB549DF02B9CA80200BFE788 /* SocialMediaInfoView.swift in Sources */ = {isa = PBXBuildFile; fileRef = EB549DEF2B9CA80200BFE788 /* SocialMediaInfoView.swift */; };
/* End PBXBuildFile section */

/* Begin PBXContainerItemProxy section */
		EB549DB52B9C3E9B00BFE788 /* PBXContainerItemProxy */ = {
			isa = PBXContainerItemProxy;
			containerPortal = EB549D9C2B9C3E9900BFE788 /* Project object */;
			proxyType = 1;
			remoteGlobalIDString = EB549DA32B9C3E9900BFE788;
			remoteInfo = TimerApp;
		};
		EB549DBF2B9C3E9B00BFE788 /* PBXContainerItemProxy */ = {
			isa = PBXContainerItemProxy;
			containerPortal = EB549D9C2B9C3E9900BFE788 /* Project object */;
			proxyType = 1;
			remoteGlobalIDString = EB549DA32B9C3E9900BFE788;
			remoteInfo = TimerApp;
		};
/* End PBXContainerItemProxy section */

/* Begin PBXFileReference section */
		EB549DA42B9C3E9900BFE788 /* TimerApp.app */ = {isa = PBXFileReference; explicitFileType = wrapper.application; includeInIndex = 0; path = TimerApp.app; sourceTree = BUILT_PRODUCTS_DIR; };
		EB549DA72B9C3E9900BFE788 /* TimerAppApp.swift */ = {isa = PBXFileReference; lastKnownFileType = sourcecode.swift; path = TimerAppApp.swift; sourceTree = "<group>"; };
		EB549DAB2B9C3E9B00BFE788 /* Assets.xcassets */ = {isa = PBXFileReference; lastKnownFileType = folder.assetcatalog; path = Assets.xcassets; sourceTree = "<group>"; };
		EB549DAE2B9C3E9B00BFE788 /* Preview Assets.xcassets */ = {isa = PBXFileReference; lastKnownFileType = folder.assetcatalog; path = "Preview Assets.xcassets"; sourceTree = "<group>"; };
		EB549DB42B9C3E9B00BFE788 /* TimerAppTests.xctest */ = {isa = PBXFileReference; explicitFileType = wrapper.cfbundle; includeInIndex = 0; path = TimerAppTests.xctest; sourceTree = BUILT_PRODUCTS_DIR; };
		EB549DB82B9C3E9B00BFE788 /* TimerAppTests.swift */ = {isa = PBXFileReference; lastKnownFileType = sourcecode.swift; path = TimerAppTests.swift; sourceTree = "<group>"; };
		EB549DBE2B9C3E9B00BFE788 /* TimerAppUITests.xctest */ = {isa = PBXFileReference; explicitFileType = wrapper.cfbundle; includeInIndex = 0; path = TimerAppUITests.xctest; sourceTree = BUILT_PRODUCTS_DIR; };
		EB549DC22B9C3E9B00BFE788 /* TimerAppUITests.swift */ = {isa = PBXFileReference; lastKnownFileType = sourcecode.swift; path = TimerAppUITests.swift; sourceTree = "<group>"; };
		EB549DC42B9C3E9B00BFE788 /* TimerAppUITestsLaunchTests.swift */ = {isa = PBXFileReference; lastKnownFileType = sourcecode.swift; path = TimerAppUITestsLaunchTests.swift; sourceTree = "<group>"; };
		EB549DD42B9C494B00BFE788 /* DashBoardView.swift */ = {isa = PBXFileReference; lastKnownFileType = sourcecode.swift; path = DashBoardView.swift; sourceTree = "<group>"; };
		EB549DD62B9C4A0500BFE788 /* TimerView.swift */ = {isa = PBXFileReference; lastKnownFileType = sourcecode.swift; path = TimerView.swift; sourceTree = "<group>"; };
		EB549DD82B9C62DA00BFE788 /* DashBoardViewModel.swift */ = {isa = PBXFileReference; lastKnownFileType = sourcecode.swift; path = DashBoardViewModel.swift; sourceTree = "<group>"; };
		EB549DDA2B9C6D3700BFE788 /* TimerViewModel.swift */ = {isa = PBXFileReference; lastKnownFileType = sourcecode.swift; path = TimerViewModel.swift; sourceTree = "<group>"; };
		EB549DDF2B9C898900BFE788 /* TimerTextModifier.swift */ = {isa = PBXFileReference; lastKnownFileType = sourcecode.swift; path = TimerTextModifier.swift; sourceTree = "<group>"; };
		EB549DE22B9C89E800BFE788 /* AnimationType.swift */ = {isa = PBXFileReference; lastKnownFileType = sourcecode.swift; path = AnimationType.swift; sourceTree = "<group>"; };
		EB549DE42B9C8A3900BFE788 /* NumberView.swift */ = {isa = PBXFileReference; lastKnownFileType = sourcecode.swift; path = NumberView.swift; sourceTree = "<group>"; };
		EB549DE62B9CA1CA00BFE788 /* CustomView.swift */ = {isa = PBXFileReference; lastKnownFileType = sourcecode.swift; path = CustomView.swift; sourceTree = "<group>"; };
		EB549DEB2B9CA77800BFE788 /* DashBoardTimerView.swift */ = {isa = PBXFileReference; lastKnownFileType = sourcecode.swift; path = DashBoardTimerView.swift; sourceTree = "<group>"; };
		EB549DED2B9CA7BB00BFE788 /* IntroText.swift */ = {isa = PBXFileReference; lastKnownFileType = sourcecode.swift; path = IntroText.swift; sourceTree = "<group>"; };
		EB549DEF2B9CA80200BFE788 /* SocialMediaInfoView.swift */ = {isa = PBXFileReference; lastKnownFileType = sourcecode.swift; path = SocialMediaInfoView.swift; sourceTree = "<group>"; };
/* End PBXFileReference section */

/* Begin PBXFrameworksBuildPhase section */
		EB549DA12B9C3E9900BFE788 /* Frameworks */ = {
			isa = PBXFrameworksBuildPhase;
			buildActionMask = 2147483647;
			files = (
			);
			runOnlyForDeploymentPostprocessing = 0;
		};
		EB549DB12B9C3E9B00BFE788 /* Frameworks */ = {
			isa = PBXFrameworksBuildPhase;
			buildActionMask = 2147483647;
			files = (
			);
			runOnlyForDeploymentPostprocessing = 0;
		};
		EB549DBB2B9C3E9B00BFE788 /* Frameworks */ = {
			isa = PBXFrameworksBuildPhase;
			buildActionMask = 2147483647;
			files = (
			);
			runOnlyForDeploymentPostprocessing = 0;
		};
/* End PBXFrameworksBuildPhase section */

/* Begin PBXGroup section */
		EB549D9B2B9C3E9900BFE788 = {
			isa = PBXGroup;
			children = (
				EB549DA62B9C3E9900BFE788 /* TimerApp */,
				EB549DB72B9C3E9B00BFE788 /* TimerAppTests */,
				EB549DC12B9C3E9B00BFE788 /* TimerAppUITests */,
				EB549DA52B9C3E9900BFE788 /* Products */,
			);
			sourceTree = "<group>";
		};
		EB549DA52B9C3E9900BFE788 /* Products */ = {
			isa = PBXGroup;
			children = (
				EB549DA42B9C3E9900BFE788 /* TimerApp.app */,
				EB549DB42B9C3E9B00BFE788 /* TimerAppTests.xctest */,
				EB549DBE2B9C3E9B00BFE788 /* TimerAppUITests.xctest */,
			);
			name = Products;
			sourceTree = "<group>";
		};
		EB549DA62B9C3E9900BFE788 /* TimerApp */ = {
			isa = PBXGroup;
			children = (
				EB549DD32B9C47F800BFE788 /* Model */,
				EB549DD22B9C47E700BFE788 /* ViewModel */,
				EB549DD12B9C47DB00BFE788 /* Views */,
				EB549DA72B9C3E9900BFE788 /* TimerAppApp.swift */,
				EB549DAB2B9C3E9B00BFE788 /* Assets.xcassets */,
				EB549DAD2B9C3E9B00BFE788 /* Preview Content */,
			);
			path = TimerApp;
			sourceTree = "<group>";
		};
		EB549DAD2B9C3E9B00BFE788 /* Preview Content */ = {
			isa = PBXGroup;
			children = (
				EB549DAE2B9C3E9B00BFE788 /* Preview Assets.xcassets */,
			);
			path = "Preview Content";
			sourceTree = "<group>";
		};
		EB549DB72B9C3E9B00BFE788 /* TimerAppTests */ = {
			isa = PBXGroup;
			children = (
				EB549DB82B9C3E9B00BFE788 /* TimerAppTests.swift */,
			);
			path = TimerAppTests;
			sourceTree = "<group>";
		};
		EB549DC12B9C3E9B00BFE788 /* TimerAppUITests */ = {
			isa = PBXGroup;
			children = (
				EB549DC22B9C3E9B00BFE788 /* TimerAppUITests.swift */,
				EB549DC42B9C3E9B00BFE788 /* TimerAppUITestsLaunchTests.swift */,
			);
			path = TimerAppUITests;
			sourceTree = "<group>";
		};
		EB549DD12B9C47DB00BFE788 /* Views */ = {
			isa = PBXGroup;
			children = (
				EB549DE92B9CA24200BFE788 /* DashBoardView */,
				EB549DE82B9CA1D400BFE788 /* CustomView */,
				EB549DE12B9C89BD00BFE788 /* ViewEnum */,
				EB549DDE2B9C894D00BFE788 /* ViewModifiiers */,
			);
			path = Views;
			sourceTree = "<group>";
		};
		EB549DD22B9C47E700BFE788 /* ViewModel */ = {
			isa = PBXGroup;
			children = (
				EB549DD82B9C62DA00BFE788 /* DashBoardViewModel.swift */,
				EB549DDA2B9C6D3700BFE788 /* TimerViewModel.swift */,
			);
			path = ViewModel;
			sourceTree = "<group>";
		};
		EB549DD32B9C47F800BFE788 /* Model */ = {
			isa = PBXGroup;
			children = (
			);
			path = Model;
			sourceTree = "<group>";
		};
		EB549DDE2B9C894D00BFE788 /* ViewModifiiers */ = {
			isa = PBXGroup;
			children = (
				EB549DDF2B9C898900BFE788 /* TimerTextModifier.swift */,
			);
			path = ViewModifiiers;
			sourceTree = "<group>";
		};
		EB549DE12B9C89BD00BFE788 /* ViewEnum */ = {
			isa = PBXGroup;
			children = (
				EB549DE22B9C89E800BFE788 /* AnimationType.swift */,
			);
			path = ViewEnum;
			sourceTree = "<group>";
		};
		EB549DE82B9CA1D400BFE788 /* CustomView */ = {
			isa = PBXGroup;
			children = (
				EB549DE62B9CA1CA00BFE788 /* CustomView.swift */,
			);
			path = CustomView;
			sourceTree = "<group>";
		};
		EB549DE92B9CA24200BFE788 /* DashBoardView */ = {
			isa = PBXGroup;
			children = (
				EB549DEA2B9CA27700BFE788 /* DashBoardChildView */,
				EB549DD42B9C494B00BFE788 /* DashBoardView.swift */,
			);
			path = DashBoardView;
			sourceTree = "<group>";
		};
		EB549DEA2B9CA27700BFE788 /* DashBoardChildView */ = {
			isa = PBXGroup;
			children = (
				EB549DE42B9C8A3900BFE788 /* NumberView.swift */,
				EB549DD62B9C4A0500BFE788 /* TimerView.swift */,
				EB549DEB2B9CA77800BFE788 /* DashBoardTimerView.swift */,
				EB549DED2B9CA7BB00BFE788 /* IntroText.swift */,
				EB549DEF2B9CA80200BFE788 /* SocialMediaInfoView.swift */,
			);
			path = DashBoardChildView;
			sourceTree = "<group>";
		};
/* End PBXGroup section */

/* Begin PBXNativeTarget section */
		EB549DA32B9C3E9900BFE788 /* TimerApp */ = {
			isa = PBXNativeTarget;
			buildConfigurationList = EB549DC82B9C3E9B00BFE788 /* Build configuration list for PBXNativeTarget "TimerApp" */;
			buildPhases = (
				EB549DA02B9C3E9900BFE788 /* Sources */,
				EB549DA12B9C3E9900BFE788 /* Frameworks */,
				EB549DA22B9C3E9900BFE788 /* Resources */,
			);
			buildRules = (
			);
			dependencies = (
			);
			name = TimerApp;
			productName = TimerApp;
			productReference = EB549DA42B9C3E9900BFE788 /* TimerApp.app */;
			productType = "com.apple.product-type.application";
		};
		EB549DB32B9C3E9B00BFE788 /* TimerAppTests */ = {
			isa = PBXNativeTarget;
			buildConfigurationList = EB549DCB2B9C3E9B00BFE788 /* Build configuration list for PBXNativeTarget "TimerAppTests" */;
			buildPhases = (
				EB549DB02B9C3E9B00BFE788 /* Sources */,
				EB549DB12B9C3E9B00BFE788 /* Frameworks */,
				EB549DB22B9C3E9B00BFE788 /* Resources */,
			);
			buildRules = (
			);
			dependencies = (
				EB549DB62B9C3E9B00BFE788 /* PBXTargetDependency */,
			);
			name = TimerAppTests;
			productName = TimerAppTests;
			productReference = EB549DB42B9C3E9B00BFE788 /* TimerAppTests.xctest */;
			productType = "com.apple.product-type.bundle.unit-test";
		};
		EB549DBD2B9C3E9B00BFE788 /* TimerAppUITests */ = {
			isa = PBXNativeTarget;
			buildConfigurationList = EB549DCE2B9C3E9B00BFE788 /* Build configuration list for PBXNativeTarget "TimerAppUITests" */;
			buildPhases = (
				EB549DBA2B9C3E9B00BFE788 /* Sources */,
				EB549DBB2B9C3E9B00BFE788 /* Frameworks */,
				EB549DBC2B9C3E9B00BFE788 /* Resources */,
			);
			buildRules = (
			);
			dependencies = (
				EB549DC02B9C3E9B00BFE788 /* PBXTargetDependency */,
			);
			name = TimerAppUITests;
			productName = TimerAppUITests;
			productReference = EB549DBE2B9C3E9B00BFE788 /* TimerAppUITests.xctest */;
			productType = "com.apple.product-type.bundle.ui-testing";
		};
/* End PBXNativeTarget section */

/* Begin PBXProject section */
		EB549D9C2B9C3E9900BFE788 /* Project object */ = {
			isa = PBXProject;
			attributes = {
				BuildIndependentTargetsInParallel = 1;
				LastSwiftUpdateCheck = 1530;
				LastUpgradeCheck = 1530;
				TargetAttributes = {
					EB549DA32B9C3E9900BFE788 = {
						CreatedOnToolsVersion = 15.3;
					};
					EB549DB32B9C3E9B00BFE788 = {
						CreatedOnToolsVersion = 15.3;
						TestTargetID = EB549DA32B9C3E9900BFE788;
					};
					EB549DBD2B9C3E9B00BFE788 = {
						CreatedOnToolsVersion = 15.3;
						TestTargetID = EB549DA32B9C3E9900BFE788;
					};
				};
			};
			buildConfigurationList = EB549D9F2B9C3E9900BFE788 /* Build configuration list for PBXProject "TimerApp" */;
			compatibilityVersion = "Xcode 14.0";
			developmentRegion = en;
			hasScannedForEncodings = 0;
			knownRegions = (
				en,
				Base,
			);
			mainGroup = EB549D9B2B9C3E9900BFE788;
			productRefGroup = EB549DA52B9C3E9900BFE788 /* Products */;
			projectDirPath = "";
			projectRoot = "";
			targets = (
				EB549DA32B9C3E9900BFE788 /* TimerApp */,
				EB549DB32B9C3E9B00BFE788 /* TimerAppTests */,
				EB549DBD2B9C3E9B00BFE788 /* TimerAppUITests */,
			);
		};
/* End PBXProject section */

/* Begin PBXResourcesBuildPhase section */
		EB549DA22B9C3E9900BFE788 /* Resources */ = {
			isa = PBXResourcesBuildPhase;
			buildActionMask = 2147483647;
			files = (
				EB549DAF2B9C3E9B00BFE788 /* Preview Assets.xcassets in Resources */,
				EB549DAC2B9C3E9B00BFE788 /* Assets.xcassets in Resources */,
			);
			runOnlyForDeploymentPostprocessing = 0;
		};
		EB549DB22B9C3E9B00BFE788 /* Resources */ = {
			isa = PBXResourcesBuildPhase;
			buildActionMask = 2147483647;
			files = (
			);
			runOnlyForDeploymentPostprocessing = 0;
		};
		EB549DBC2B9C3E9B00BFE788 /* Resources */ = {
			isa = PBXResourcesBuildPhase;
			buildActionMask = 2147483647;
			files = (
			);
			runOnlyForDeploymentPostprocessing = 0;
		};
/* End PBXResourcesBuildPhase section */

/* Begin PBXSourcesBuildPhase section */
		EB549DA02B9C3E9900BFE788 /* Sources */ = {
			isa = PBXSourcesBuildPhase;
			buildActionMask = 2147483647;
			files = (
				EB549DD92B9C62DA00BFE788 /* DashBoardViewModel.swift in Sources */,
				EB549DD52B9C494B00BFE788 /* DashBoardView.swift in Sources */,
				EB549DD72B9C4A0500BFE788 /* TimerView.swift in Sources */,
				EB549DEC2B9CA77800BFE788 /* DashBoardTimerView.swift in Sources */,
				EB549DE72B9CA1CA00BFE788 /* CustomView.swift in Sources */,
				EB549DEE2B9CA7BB00BFE788 /* IntroText.swift in Sources */,
				EB549DF02B9CA80200BFE788 /* SocialMediaInfoView.swift in Sources */,
				EB549DE32B9C89E800BFE788 /* AnimationType.swift in Sources */,
				EB549DDB2B9C6D3700BFE788 /* TimerViewModel.swift in Sources */,
				EB549DA82B9C3E9900BFE788 /* TimerAppApp.swift in Sources */,
				EB549DE02B9C898900BFE788 /* TimerTextModifier.swift in Sources */,
				EB549DE52B9C8A3900BFE788 /* NumberView.swift in Sources */,
			);
			runOnlyForDeploymentPostprocessing = 0;
		};
		EB549DB02B9C3E9B00BFE788 /* Sources */ = {
			isa = PBXSourcesBuildPhase;
			buildActionMask = 2147483647;
			files = (
				EB549DB92B9C3E9B00BFE788 /* TimerAppTests.swift in Sources */,
			);
			runOnlyForDeploymentPostprocessing = 0;
		};
		EB549DBA2B9C3E9B00BFE788 /* Sources */ = {
			isa = PBXSourcesBuildPhase;
			buildActionMask = 2147483647;
			files = (
				EB549DC52B9C3E9B00BFE788 /* TimerAppUITestsLaunchTests.swift in Sources */,
				EB549DC32B9C3E9B00BFE788 /* TimerAppUITests.swift in Sources */,
			);
			runOnlyForDeploymentPostprocessing = 0;
		};
/* End PBXSourcesBuildPhase section */

/* Begin PBXTargetDependency section */
		EB549DB62B9C3E9B00BFE788 /* PBXTargetDependency */ = {
			isa = PBXTargetDependency;
			target = EB549DA32B9C3E9900BFE788 /* TimerApp */;
			targetProxy = EB549DB52B9C3E9B00BFE788 /* PBXContainerItemProxy */;
		};
		EB549DC02B9C3E9B00BFE788 /* PBXTargetDependency */ = {
			isa = PBXTargetDependency;
			target = EB549DA32B9C3E9900BFE788 /* TimerApp */;
			targetProxy = EB549DBF2B9C3E9B00BFE788 /* PBXContainerItemProxy */;
		};
/* End PBXTargetDependency section */

/* Begin XCBuildConfiguration section */
		EB549DC62B9C3E9B00BFE788 /* Debug */ = {
			isa = XCBuildConfiguration;
			buildSettings = {
				ALWAYS_SEARCH_USER_PATHS = NO;
				ASSETCATALOG_COMPILER_GENERATE_SWIFT_ASSET_SYMBOL_EXTENSIONS = YES;
				CLANG_ANALYZER_NONNULL = YES;
				CLANG_ANALYZER_NUMBER_OBJECT_CONVERSION = YES_AGGRESSIVE;
				CLANG_CXX_LANGUAGE_STANDARD = "gnu++20";
				CLANG_ENABLE_MODULES = YES;
				CLANG_ENABLE_OBJC_ARC = YES;
				CLANG_ENABLE_OBJC_WEAK = YES;
				CLANG_WARN_BLOCK_CAPTURE_AUTORELEASING = YES;
				CLANG_WARN_BOOL_CONVERSION = YES;
				CLANG_WARN_COMMA = YES;
				CLANG_WARN_CONSTANT_CONVERSION = YES;
				CLANG_WARN_DEPRECATED_OBJC_IMPLEMENTATIONS = YES;
				CLANG_WARN_DIRECT_OBJC_ISA_USAGE = YES_ERROR;
				CLANG_WARN_DOCUMENTATION_COMMENTS = YES;
				CLANG_WARN_EMPTY_BODY = YES;
				CLANG_WARN_ENUM_CONVERSION = YES;
				CLANG_WARN_INFINITE_RECURSION = YES;
				CLANG_WARN_INT_CONVERSION = YES;
				CLANG_WARN_NON_LITERAL_NULL_CONVERSION = YES;
				CLANG_WARN_OBJC_IMPLICIT_RETAIN_SELF = YES;
				CLANG_WARN_OBJC_LITERAL_CONVERSION = YES;
				CLANG_WARN_OBJC_ROOT_CLASS = YES_ERROR;
				CLANG_WARN_QUOTED_INCLUDE_IN_FRAMEWORK_HEADER = YES;
				CLANG_WARN_RANGE_LOOP_ANALYSIS = YES;
				CLANG_WARN_STRICT_PROTOTYPES = YES;
				CLANG_WARN_SUSPICIOUS_MOVE = YES;
				CLANG_WARN_UNGUARDED_AVAILABILITY = YES_AGGRESSIVE;
				CLANG_WARN_UNREACHABLE_CODE = YES;
				CLANG_WARN__DUPLICATE_METHOD_MATCH = YES;
				COPY_PHASE_STRIP = NO;
				DEBUG_INFORMATION_FORMAT = dwarf;
				ENABLE_STRICT_OBJC_MSGSEND = YES;
				ENABLE_TESTABILITY = YES;
				ENABLE_USER_SCRIPT_SANDBOXING = YES;
				GCC_C_LANGUAGE_STANDARD = gnu17;
				GCC_DYNAMIC_NO_PIC = NO;
				GCC_NO_COMMON_BLOCKS = YES;
				GCC_OPTIMIZATION_LEVEL = 0;
				GCC_PREPROCESSOR_DEFINITIONS = (
					"DEBUG=1",
					"$(inherited)",
				);
				GCC_WARN_64_TO_32_BIT_CONVERSION = YES;
				GCC_WARN_ABOUT_RETURN_TYPE = YES_ERROR;
				GCC_WARN_UNDECLARED_SELECTOR = YES;
				GCC_WARN_UNINITIALIZED_AUTOS = YES_AGGRESSIVE;
				GCC_WARN_UNUSED_FUNCTION = YES;
				GCC_WARN_UNUSED_VARIABLE = YES;
				IPHONEOS_DEPLOYMENT_TARGET = 17.4;
				LOCALIZATION_PREFERS_STRING_CATALOGS = YES;
				MTL_ENABLE_DEBUG_INFO = INCLUDE_SOURCE;
				MTL_FAST_MATH = YES;
				ONLY_ACTIVE_ARCH = YES;
				SDKROOT = iphoneos;
				SWIFT_ACTIVE_COMPILATION_CONDITIONS = "DEBUG $(inherited)";
				SWIFT_OPTIMIZATION_LEVEL = "-Onone";
			};
			name = Debug;
		};
		EB549DC72B9C3E9B00BFE788 /* Release */ = {
			isa = XCBuildConfiguration;
			buildSettings = {
				ALWAYS_SEARCH_USER_PATHS = NO;
				ASSETCATALOG_COMPILER_GENERATE_SWIFT_ASSET_SYMBOL_EXTENSIONS = YES;
				CLANG_ANALYZER_NONNULL = YES;
				CLANG_ANALYZER_NUMBER_OBJECT_CONVERSION = YES_AGGRESSIVE;
				CLANG_CXX_LANGUAGE_STANDARD = "gnu++20";
				CLANG_ENABLE_MODULES = YES;
				CLANG_ENABLE_OBJC_ARC = YES;
				CLANG_ENABLE_OBJC_WEAK = YES;
				CLANG_WARN_BLOCK_CAPTURE_AUTORELEASING = YES;
				CLANG_WARN_BOOL_CONVERSION = YES;
				CLANG_WARN_COMMA = YES;
				CLANG_WARN_CONSTANT_CONVERSION = YES;
				CLANG_WARN_DEPRECATED_OBJC_IMPLEMENTATIONS = YES;
				CLANG_WARN_DIRECT_OBJC_ISA_USAGE = YES_ERROR;
				CLANG_WARN_DOCUMENTATION_COMMENTS = YES;
				CLANG_WARN_EMPTY_BODY = YES;
				CLANG_WARN_ENUM_CONVERSION = YES;
				CLANG_WARN_INFINITE_RECURSION = YES;
				CLANG_WARN_INT_CONVERSION = YES;
				CLANG_WARN_NON_LITERAL_NULL_CONVERSION = YES;
				CLANG_WARN_OBJC_IMPLICIT_RETAIN_SELF = YES;
				CLANG_WARN_OBJC_LITERAL_CONVERSION = YES;
				CLANG_WARN_OBJC_ROOT_CLASS = YES_ERROR;
				CLANG_WARN_QUOTED_INCLUDE_IN_FRAMEWORK_HEADER = YES;
				CLANG_WARN_RANGE_LOOP_ANALYSIS = YES;
				CLANG_WARN_STRICT_PROTOTYPES = YES;
				CLANG_WARN_SUSPICIOUS_MOVE = YES;
				CLANG_WARN_UNGUARDED_AVAILABILITY = YES_AGGRESSIVE;
				CLANG_WARN_UNREACHABLE_CODE = YES;
				CLANG_WARN__DUPLICATE_METHOD_MATCH = YES;
				COPY_PHASE_STRIP = NO;
				DEBUG_INFORMATION_FORMAT = "dwarf-with-dsym";
				ENABLE_NS_ASSERTIONS = NO;
				ENABLE_STRICT_OBJC_MSGSEND = YES;
				ENABLE_USER_SCRIPT_SANDBOXING = YES;
				GCC_C_LANGUAGE_STANDARD = gnu17;
				GCC_NO_COMMON_BLOCKS = YES;
				GCC_WARN_64_TO_32_BIT_CONVERSION = YES;
				GCC_WARN_ABOUT_RETURN_TYPE = YES_ERROR;
				GCC_WARN_UNDECLARED_SELECTOR = YES;
				GCC_WARN_UNINITIALIZED_AUTOS = YES_AGGRESSIVE;
				GCC_WARN_UNUSED_FUNCTION = YES;
				GCC_WARN_UNUSED_VARIABLE = YES;
				IPHONEOS_DEPLOYMENT_TARGET = 17.4;
				LOCALIZATION_PREFERS_STRING_CATALOGS = YES;
				MTL_ENABLE_DEBUG_INFO = NO;
				MTL_FAST_MATH = YES;
				SDKROOT = iphoneos;
				SWIFT_COMPILATION_MODE = wholemodule;
				VALIDATE_PRODUCT = YES;
			};
			name = Release;
		};
		EB549DC92B9C3E9B00BFE788 /* Debug */ = {
			isa = XCBuildConfiguration;
			buildSettings = {
				ASSETCATALOG_COMPILER_APPICON_NAME = AppIcon;
				ASSETCATALOG_COMPILER_GLOBAL_ACCENT_COLOR_NAME = AccentColor;
				CODE_SIGN_STYLE = Automatic;
				CURRENT_PROJECT_VERSION = 1;
				DEVELOPMENT_ASSET_PATHS = "\"TimerApp/Preview Content\"";
				DEVELOPMENT_TEAM = A888ZZY9X5;
				ENABLE_PREVIEWS = YES;
				GENERATE_INFOPLIST_FILE = YES;
				INFOPLIST_KEY_UIApplicationSceneManifest_Generation = YES;
				INFOPLIST_KEY_UIApplicationSupportsIndirectInputEvents = YES;
				INFOPLIST_KEY_UILaunchScreen_Generation = YES;
				INFOPLIST_KEY_UISupportedInterfaceOrientations = UIInterfaceOrientationPortrait;
				LD_RUNPATH_SEARCH_PATHS = (
					"$(inherited)",
					"@executable_path/Frameworks",
				);
				MARKETING_VERSION = 1.0;
				PRODUCT_BUNDLE_IDENTIFIER = com.example.TimerApp;
				PRODUCT_NAME = "$(TARGET_NAME)";
				SWIFT_EMIT_LOC_STRINGS = YES;
				SWIFT_VERSION = 5.0;
				TARGETED_DEVICE_FAMILY = "1,2";
			};
			name = Debug;
		};
		EB549DCA2B9C3E9B00BFE788 /* Release */ = {
			isa = XCBuildConfiguration;
			buildSettings = {
				ASSETCATALOG_COMPILER_APPICON_NAME = AppIcon;
				ASSETCATALOG_COMPILER_GLOBAL_ACCENT_COLOR_NAME = AccentColor;
				CODE_SIGN_STYLE = Automatic;
				CURRENT_PROJECT_VERSION = 1;
				DEVELOPMENT_ASSET_PATHS = "\"TimerApp/Preview Content\"";
				DEVELOPMENT_TEAM = A888ZZY9X5;
				ENABLE_PREVIEWS = YES;
				GENERATE_INFOPLIST_FILE = YES;
				INFOPLIST_KEY_UIApplicationSceneManifest_Generation = YES;
				INFOPLIST_KEY_UIApplicationSupportsIndirectInputEvents = YES;
				INFOPLIST_KEY_UILaunchScreen_Generation = YES;
				INFOPLIST_KEY_UISupportedInterfaceOrientations = UIInterfaceOrientationPortrait;
				LD_RUNPATH_SEARCH_PATHS = (
					"$(inherited)",
					"@executable_path/Frameworks",
				);
				MARKETING_VERSION = 1.0;
				PRODUCT_BUNDLE_IDENTIFIER = com.example.TimerApp;
				PRODUCT_NAME = "$(TARGET_NAME)";
				SWIFT_EMIT_LOC_STRINGS = YES;
				SWIFT_VERSION = 5.0;
				TARGETED_DEVICE_FAMILY = "1,2";
			};
			name = Release;
		};
		EB549DCC2B9C3E9B00BFE788 /* Debug */ = {
			isa = XCBuildConfiguration;
			buildSettings = {
				ALWAYS_EMBED_SWIFT_STANDARD_LIBRARIES = YES;
				BUNDLE_LOADER = "$(TEST_HOST)";
				CODE_SIGN_STYLE = Automatic;
				CURRENT_PROJECT_VERSION = 1;
				DEVELOPMENT_TEAM = A888ZZY9X5;
				GENERATE_INFOPLIST_FILE = YES;
				IPHONEOS_DEPLOYMENT_TARGET = 17.4;
				MARKETING_VERSION = 1.0;
				PRODUCT_BUNDLE_IDENTIFIER = com.example.TimerAppTests;
				PRODUCT_NAME = "$(TARGET_NAME)";
				SWIFT_EMIT_LOC_STRINGS = NO;
				SWIFT_VERSION = 5.0;
				TARGETED_DEVICE_FAMILY = "1,2";
				TEST_HOST = "$(BUILT_PRODUCTS_DIR)/TimerApp.app/$(BUNDLE_EXECUTABLE_FOLDER_PATH)/TimerApp";
			};
			name = Debug;
		};
		EB549DCD2B9C3E9B00BFE788 /* Release */ = {
			isa = XCBuildConfiguration;
			buildSettings = {
				ALWAYS_EMBED_SWIFT_STANDARD_LIBRARIES = YES;
				BUNDLE_LOADER = "$(TEST_HOST)";
				CODE_SIGN_STYLE = Automatic;
				CURRENT_PROJECT_VERSION = 1;
				DEVELOPMENT_TEAM = A888ZZY9X5;
				GENERATE_INFOPLIST_FILE = YES;
				IPHONEOS_DEPLOYMENT_TARGET = 17.4;
				MARKETING_VERSION = 1.0;
				PRODUCT_BUNDLE_IDENTIFIER = com.example.TimerAppTests;
				PRODUCT_NAME = "$(TARGET_NAME)";
				SWIFT_EMIT_LOC_STRINGS = NO;
				SWIFT_VERSION = 5.0;
				TARGETED_DEVICE_FAMILY = "1,2";
				TEST_HOST = "$(BUILT_PRODUCTS_DIR)/TimerApp.app/$(BUNDLE_EXECUTABLE_FOLDER_PATH)/TimerApp";
			};
			name = Release;
		};
		EB549DCF2B9C3E9B00BFE788 /* Debug */ = {
			isa = XCBuildConfiguration;
			buildSettings = {
				ALWAYS_EMBED_SWIFT_STANDARD_LIBRARIES = YES;
				CODE_SIGN_STYLE = Automatic;
				CURRENT_PROJECT_VERSION = 1;
				DEVELOPMENT_TEAM = A888ZZY9X5;
				GENERATE_INFOPLIST_FILE = YES;
				MARKETING_VERSION = 1.0;
				PRODUCT_BUNDLE_IDENTIFIER = com.example.TimerAppUITests;
				PRODUCT_NAME = "$(TARGET_NAME)";
				SWIFT_EMIT_LOC_STRINGS = NO;
				SWIFT_VERSION = 5.0;
				TARGETED_DEVICE_FAMILY = "1,2";
				TEST_TARGET_NAME = TimerApp;
			};
			name = Debug;
		};
		EB549DD02B9C3E9B00BFE788 /* Release */ = {
			isa = XCBuildConfiguration;
			buildSettings = {
				ALWAYS_EMBED_SWIFT_STANDARD_LIBRARIES = YES;
				CODE_SIGN_STYLE = Automatic;
				CURRENT_PROJECT_VERSION = 1;
				DEVELOPMENT_TEAM = A888ZZY9X5;
				GENERATE_INFOPLIST_FILE = YES;
				MARKETING_VERSION = 1.0;
				PRODUCT_BUNDLE_IDENTIFIER = com.example.TimerAppUITests;
				PRODUCT_NAME = "$(TARGET_NAME)";
				SWIFT_EMIT_LOC_STRINGS = NO;
				SWIFT_VERSION = 5.0;
				TARGETED_DEVICE_FAMILY = "1,2";
				TEST_TARGET_NAME = TimerApp;
			};
			name = Release;
		};
/* End XCBuildConfiguration section */

/* Begin XCConfigurationList section */
		EB549D9F2B9C3E9900BFE788 /* Build configuration list for PBXProject "TimerApp" */ = {
			isa = XCConfigurationList;
			buildConfigurations = (
				EB549DC62B9C3E9B00BFE788 /* Debug */,
				EB549DC72B9C3E9B00BFE788 /* Release */,
			);
			defaultConfigurationIsVisible = 0;
			defaultConfigurationName = Release;
		};
		EB549DC82B9C3E9B00BFE788 /* Build configuration list for PBXNativeTarget "TimerApp" */ = {
			isa = XCConfigurationList;
			buildConfigurations = (
				EB549DC92B9C3E9B00BFE788 /* Debug */,
				EB549DCA2B9C3E9B00BFE788 /* Release */,
			);
			defaultConfigurationIsVisible = 0;
			defaultConfigurationName = Release;
		};
		EB549DCB2B9C3E9B00BFE788 /* Build configuration list for PBXNativeTarget "TimerAppTests" */ = {
			isa = XCConfigurationList;
			buildConfigurations = (
				EB549DCC2B9C3E9B00BFE788 /* Debug */,
				EB549DCD2B9C3E9B00BFE788 /* Release */,
			);
			defaultConfigurationIsVisible = 0;
			defaultConfigurationName = Release;
		};
		EB549DCE2B9C3E9B00BFE788 /* Build configuration list for PBXNativeTarget "TimerAppUITests" */ = {
			isa = XCConfigurationList;
			buildConfigurations = (
				EB549DCF2B9C3E9B00BFE788 /* Debug */,
				EB549DD02B9C3E9B00BFE788 /* Release */,
			);
			defaultConfigurationIsVisible = 0;
			defaultConfigurationName = Release;
		};
/* End XCConfigurationList section */
	};
	rootObject = EB549D9C2B9C3E9900BFE788 /* Project object */;
}
